
Microsoft Visual Studio Solution File, Format Version 12.00
# Visual Studio Version 17
VisualStudioVersion = 17.7.34031.279
MinimumVisualStudioVersion = 10.0.40219.1
Project("{9A19103F-16F7-4668-BE54-9A1E7A4F7556}") = "Device.Fan", "Device.Fan\Device.Fan.csproj", "{51C20FC8-0806-4F9A-B840-B1478D2CAA96}"
EndProject
Project("{9A19103F-16F7-4668-BE54-9A1E7A4F7556}") = "SharedSmartLibrary", "SharedSmartLibrary\SharedSmartLibrary.csproj", "{2ABDBEC4-93EB-4CFC-8200-8D16323EBBCF}"
EndProject
Project("{9A19103F-16F7-4668-BE54-9A1E7A4F7556}") = "SmartControlPanel", "SmartControlPanel\SmartControlPanel.csproj", "{6AAB0DC6-6B91-40EA-BF4C-FBE2B83CC52C}"
EndProject
Project("{FAE04EC0-301F-11D3-BF4B-00C04F79EFBC}") = "AzureFunctions", "AzureFunctions\AzureFunctions.csproj", "{5E5447A1-5942-425F-AA76-7442072B67C7}"
EndProject
Global
	GlobalSection(SolutionConfigurationPlatforms) = preSolution
		Debug|Any CPU = Debug|Any CPU
		Release|Any CPU = Release|Any CPU
	EndGlobalSection
	GlobalSection(ProjectConfigurationPlatforms) = postSolution
		{51C20FC8-0806-4F9A-B840-B1478D2CAA96}.Debug|Any CPU.ActiveCfg = Debug|Any CPU
		{51C20FC8-0806-4F9A-B840-B1478D2CAA96}.Debug|Any CPU.Build.0 = Debug|Any CPU
		{51C20FC8-0806-4F9A-B840-B1478D2CAA96}.Release|Any CPU.ActiveCfg = Release|Any CPU
		{51C20FC8-0806-4F9A-B840-B1478D2CAA96}.Release|Any CPU.Build.0 = Release|Any CPU
		{2ABDBEC4-93EB-4CFC-8200-8D16323EBBCF}.Debug|Any CPU.ActiveCfg = Debug|Any CPU
		{2ABDBEC4-93EB-4CFC-8200-8D16323EBBCF}.Debug|Any CPU.Build.0 = Debug|Any CPU
		{2ABDBEC4-93EB-4CFC-8200-8D16323EBBCF}.Release|Any CPU.ActiveCfg = Release|Any CPU
		{2ABDBEC4-93EB-4CFC-8200-8D16323EBBCF}.Release|Any CPU.Build.0 = Release|Any CPU
		{6AAB0DC6-6B91-40EA-BF4C-FBE2B83CC52C}.Debug|Any CPU.ActiveCfg = Debug|Any CPU
		{6AAB0DC6-6B91-40EA-BF4C-FBE2B83CC52C}.Debug|Any CPU.Build.0 = Debug|Any CPU
		{6AAB0DC6-6B91-40EA-BF4C-FBE2B83CC52C}.Debug|Any CPU.Deploy.0 = Debug|Any CPU
		{6AAB0DC6-6B91-40EA-BF4C-FBE2B83CC52C}.Release|Any CPU.ActiveCfg = Release|Any CPU
		{6AAB0DC6-6B91-40EA-BF4C-FBE2B83CC52C}.Release|Any CPU.Build.0 = Release|Any CPU
		{6AAB0DC6-6B91-40EA-BF4C-FBE2B83CC52C}.Release|Any CPU.Deploy.0 = Release|Any CPU
		{5E5447A1-5942-425F-AA76-7442072B67C7}.Debug|Any CPU.ActiveCfg = Debug|Any CPU
		{5E5447A1-5942-425F-AA76-7442072B67C7}.Debug|Any CPU.Build.0 = Debug|Any CPU
		{5E5447A1-5942-425F-AA76-7442072B67C7}.Release|Any CPU.ActiveCfg = Release|Any CPU
		{5E5447A1-5942-425F-AA76-7442072B67C7}.Release|Any CPU.Build.0 = Release|Any CPU
	EndGlobalSection
	GlobalSection(SolutionProperties) = preSolution
		HideSolutionNode = FALSE
	EndGlobalSection
	GlobalSection(ExtensibilityGlobals) = postSolution
		SolutionGuid = {F2EFE9C3-9E40-41EB-B63B-A74F93092BA0}
	EndGlobalSection
EndGlobal
